
Microsoft Visual Studio Solution File, Format Version 12.00
# Visual Studio Version 17
VisualStudioVersion = 17.0.31903.59
MinimumVisualStudioVersion = 10.0.40219.1
Project("{2150E333-8FDC-42A3-9474-1A3956D46DE8}") = "Core", "Core", "{FBF56CC3-7AE6-AD2D-3F14-7F97FD322CD6}"
EndProject
Project("{FAE04EC0-301F-11D3-BF4B-00C04F79EFBC}") = "MngAlarm.Domain", "Core\MngAlarm.Domain\MngAlarm.Domain.csproj", "{FF00D6F9-99EC-470B-9195-591EE9926C2B}"
EndProject
Project("{FAE04EC0-301F-11D3-BF4B-00C04F79EFBC}") = "MngAlarm.Application", "Core\MngAlarm.Application\MngAlarm.Application.csproj", "{D9B93FD0-ED58-4480-A0B0-6F0B06FD53A7}"
EndProject
Project("{FAE04EC0-301F-11D3-BF4B-00C04F79EFBC}") = "MngAlarm.Infrastructure", "Infrastructure\MngAlarm.Infrastructure\MngAlarm.Infrastructure.csproj", "{E709660B-5D62-412D-9F87-4CAB2E91BFE5}"
EndProject
Project("{FAE04EC0-301F-11D3-BF4B-00C04F79EFBC}") = "MngAlarm.Api", "Presentation\MngAlarm.Api\MngAlarm.Api.csproj", "{3CBB1ECD-6B6F-4953-9FBC-8037B49BCD72}"
EndProject
Project("{FAE04EC0-301F-11D3-BF4B-00C04F79EFBC}") = "MngAlarm.Worker", "Presentation\MngAlarm.Worker\MngAlarm.Worker.csproj", "{35069870-81E6-48F0-8BDE-7683FB79D6B1}"
EndProject
Project("{FAE04EC0-301F-11D3-BF4B-00C04F79EFBC}") = "MngAlarm.Tests", "Tests\MngAlarm.Tests\MngAlarm.Tests.csproj", "{C4D722D5-07C9-4E94-8077-74F77268B8DD}"
EndProject
Global
	GlobalSection(SolutionConfigurationPlatforms) = preSolution
		Debug|Any CPU = Debug|Any CPU
		Debug|x64 = Debug|x64
		Debug|x86 = Debug|x86
		Release|Any CPU = Release|Any CPU
		Release|x64 = Release|x64
		Release|x86 = Release|x86
	EndGlobalSection
	GlobalSection(ProjectConfigurationPlatforms) = postSolution
		{FF00D6F9-99EC-470B-9195-591EE9926C2B}.Debug|Any CPU.ActiveCfg = Debug|Any CPU
		{FF00D6F9-99EC-470B-9195-591EE9926C2B}.Debug|Any CPU.Build.0 = Debug|Any CPU
		{FF00D6F9-99EC-470B-9195-591EE9926C2B}.Debug|x64.ActiveCfg = Debug|Any CPU
		{FF00D6F9-99EC-470B-9195-591EE9926C2B}.Debug|x64.Build.0 = Debug|Any CPU
		{FF00D6F9-99EC-470B-9195-591EE9926C2B}.Debug|x86.ActiveCfg = Debug|Any CPU
		{FF00D6F9-99EC-470B-9195-591EE9926C2B}.Debug|x86.Build.0 = Debug|Any CPU
		{FF00D6F9-99EC-470B-9195-591EE9926C2B}.Release|Any CPU.ActiveCfg = Release|Any CPU
		{FF00D6F9-99EC-470B-9195-591EE9926C2B}.Release|Any CPU.Build.0 = Release|Any CPU
		{FF00D6F9-99EC-470B-9195-591EE9926C2B}.Release|x64.ActiveCfg = Release|Any CPU
		{FF00D6F9-99EC-470B-9195-591EE9926C2B}.Release|x64.Build.0 = Release|Any CPU
		{FF00D6F9-99EC-470B-9195-591EE9926C2B}.Release|x86.ActiveCfg = Release|Any CPU
		{FF00D6F9-99EC-470B-9195-591EE9926C2B}.Release|x86.Build.0 = Release|Any CPU
		{D9B93FD0-ED58-4480-A0B0-6F0B06FD53A7}.Debug|Any CPU.ActiveCfg = Debug|Any CPU
		{D9B93FD0-ED58-4480-A0B0-6F0B06FD53A7}.Debug|Any CPU.Build.0 = Debug|Any CPU
		{D9B93FD0-ED58-4480-A0B0-6F0B06FD53A7}.Debug|x64.ActiveCfg = Debug|Any CPU
		{D9B93FD0-ED58-4480-A0B0-6F0B06FD53A7}.Debug|x64.Build.0 = Debug|Any CPU
		{D9B93FD0-ED58-4480-A0B0-6F0B06FD53A7}.Debug|x86.ActiveCfg = Debug|Any CPU
		{D9B93FD0-ED58-4480-A0B0-6F0B06FD53A7}.Debug|x86.Build.0 = Debug|Any CPU
		{D9B93FD0-ED58-4480-A0B0-6F0B06FD53A7}.Release|Any CPU.ActiveCfg = Release|Any CPU
		{D9B93FD0-ED58-4480-A0B0-6F0B06FD53A7}.Release|Any CPU.Build.0 = Release|Any CPU
		{D9B93FD0-ED58-4480-A0B0-6F0B06FD53A7}.Release|x64.ActiveCfg = Release|Any CPU
		{D9B93FD0-ED58-4480-A0B0-6F0B06FD53A7}.Release|x64.Build.0 = Release|Any CPU
		{D9B93FD0-ED58-4480-A0B0-6F0B06FD53A7}.Release|x86.ActiveCfg = Release|Any CPU
		{D9B93FD0-ED58-4480-A0B0-6F0B06FD53A7}.Release|x86.Build.0 = Release|Any CPU
		{E709660B-5D62-412D-9F87-4CAB2E91BFE5}.Debug|Any CPU.ActiveCfg = Debug|Any CPU
		{E709660B-5D62-412D-9F87-4CAB2E91BFE5}.Debug|Any CPU.Build.0 = Debug|Any CPU
		{E709660B-5D62-412D-9F87-4CAB2E91BFE5}.Debug|x64.ActiveCfg = Debug|Any CPU
		{E709660B-5D62-412D-9F87-4CAB2E91BFE5}.Debug|x64.Build.0 = Debug|Any CPU
		{E709660B-5D62-412D-9F87-4CAB2E91BFE5}.Debug|x86.ActiveCfg = Debug|Any CPU
		{E709660B-5D62-412D-9F87-4CAB2E91BFE5}.Debug|x86.Build.0 = Debug|Any CPU
		{E709660B-5D62-412D-9F87-4CAB2E91BFE5}.Release|Any CPU.ActiveCfg = Release|Any CPU
		{E709660B-5D62-412D-9F87-4CAB2E91BFE5}.Release|Any CPU.Build.0 = Release|Any CPU
		{E709660B-5D62-412D-9F87-4CAB2E91BFE5}.Release|x64.ActiveCfg = Release|Any CPU
		{E709660B-5D62-412D-9F87-4CAB2E91BFE5}.Release|x64.Build.0 = Release|Any CPU
		{E709660B-5D62-412D-9F87-4CAB2E91BFE5}.Release|x86.ActiveCfg = Release|Any CPU
		{E709660B-5D62-412D-9F87-4CAB2E91BFE5}.Release|x86.Build.0 = Release|Any CPU
		{3CBB1ECD-6B6F-4953-9FBC-8037B49BCD72}.Debug|Any CPU.ActiveCfg = Debug|Any CPU
		{3CBB1ECD-6B6F-4953-9FBC-8037B49BCD72}.Debug|Any CPU.Build.0 = Debug|Any CPU
		{3CBB1ECD-6B6F-4953-9FBC-8037B49BCD72}.Debug|x64.ActiveCfg = Debug|Any CPU
		{3CBB1ECD-6B6F-4953-9FBC-8037B49BCD72}.Debug|x64.Build.0 = Debug|Any CPU
		{3CBB1ECD-6B6F-4953-9FBC-8037B49BCD72}.Debug|x86.ActiveCfg = Debug|Any CPU
		{3CBB1ECD-6B6F-4953-9FBC-8037B49BCD72}.Debug|x86.Build.0 = Debug|Any CPU
		{3CBB1ECD-6B6F-4953-9FBC-8037B49BCD72}.Release|Any CPU.ActiveCfg = Release|Any CPU
		{3CBB1ECD-6B6F-4953-9FBC-8037B49BCD72}.Release|Any CPU.Build.0 = Release|Any CPU
		{3CBB1ECD-6B6F-4953-9FBC-8037B49BCD72}.Release|x64.ActiveCfg = Release|Any CPU
		{3CBB1ECD-6B6F-4953-9FBC-8037B49BCD72}.Release|x64.Build.0 = Release|Any CPU
		{3CBB1ECD-6B6F-4953-9FBC-8037B49BCD72}.Release|x86.ActiveCfg = Release|Any CPU
		{3CBB1ECD-6B6F-4953-9FBC-8037B49BCD72}.Release|x86.Build.0 = Release|Any CPU
		{35069870-81E6-48F0-8BDE-7683FB79D6B1}.Debug|Any CPU.ActiveCfg = Debug|Any CPU
		{35069870-81E6-48F0-8BDE-7683FB79D6B1}.Debug|Any CPU.Build.0 = Debug|Any CPU
		{35069870-81E6-48F0-8BDE-7683FB79D6B1}.Debug|x64.ActiveCfg = Debug|Any CPU
		{35069870-81E6-48F0-8BDE-7683FB79D6B1}.Debug|x64.Build.0 = Debug|Any CPU
		{35069870-81E6-48F0-8BDE-7683FB79D6B1}.Debug|x86.ActiveCfg = Debug|Any CPU
		{35069870-81E6-48F0-8BDE-7683FB79D6B1}.Debug|x86.Build.0 = Debug|Any CPU
		{35069870-81E6-48F0-8BDE-7683FB79D6B1}.Release|Any CPU.ActiveCfg = Release|Any CPU
		{35069870-81E6-48F0-8BDE-7683FB79D6B1}.Release|Any CPU.Build.0 = Release|Any CPU
		{35069870-81E6-48F0-8BDE-7683FB79D6B1}.Release|x64.ActiveCfg = Release|Any CPU
		{35069870-81E6-48F0-8BDE-7683FB79D6B1}.Release|x64.Build.0 = Release|Any CPU
		{35069870-81E6-48F0-8BDE-7683FB79D6B1}.Release|x86.ActiveCfg = Release|Any CPU
		{35069870-81E6-48F0-8BDE-7683FB79D6B1}.Release|x86.Build.0 = Release|Any CPU
		{C4D722D5-07C9-4E94-8077-74F77268B8DD}.Debug|Any CPU.ActiveCfg = Debug|Any CPU
		{C4D722D5-07C9-4E94-8077-74F77268B8DD}.Debug|Any CPU.Build.0 = Debug|Any CPU
		{C4D722D5-07C9-4E94-8077-74F77268B8DD}.Debug|x64.ActiveCfg = Debug|Any CPU
		{C4D722D5-07C9-4E94-8077-74F77268B8DD}.Debug|x64.Build.0 = Debug|Any CPU
		{C4D722D5-07C9-4E94-8077-74F77268B8DD}.Debug|x86.ActiveCfg = Debug|Any CPU
		{C4D722D5-07C9-4E94-8077-74F77268B8DD}.Debug|x86.Build.0 = Debug|Any CPU
		{C4D722D5-07C9-4E94-8077-74F77268B8DD}.Release|Any CPU.ActiveCfg = Release|Any CPU
		{C4D722D5-07C9-4E94-8077-74F77268B8DD}.Release|Any CPU.Build.0 = Release|Any CPU
		{C4D722D5-07C9-4E94-8077-74F77268B8DD}.Release|x64.ActiveCfg = Release|Any CPU
		{C4D722D5-07C9-4E94-8077-74F77268B8DD}.Release|x64.Build.0 = Release|Any CPU
		{C4D722D5-07C9-4E94-8077-74F77268B8DD}.Release|x86.ActiveCfg = Release|Any CPU
		{C4D722D5-07C9-4E94-8077-74F77268B8DD}.Release|x86.Build.0 = Release|Any CPU
	EndGlobalSection
	GlobalSection(SolutionProperties) = preSolution
		HideSolutionNode = FALSE
	EndGlobalSection
	GlobalSection(NestedProjects) = preSolution
		{FF00D6F9-99EC-470B-9195-591EE9926C2B} = {FBF56CC3-7AE6-AD2D-3F14-7F97FD322CD6}
		{D9B93FD0-ED58-4480-A0B0-6F0B06FD53A7} = {FBF56CC3-7AE6-AD2D-3F14-7F97FD322CD6}
		{E709660B-5D62-412D-9F87-4CAB2E91BFE5} = {FBF56CC3-7AE6-AD2D-3F14-7F97FD322CD6}
		{3CBB1ECD-6B6F-4953-9FBC-8037B49BCD72} = {FBF56CC3-7AE6-AD2D-3F14-7F97FD322CD6}
		{35069870-81E6-48F0-8BDE-7683FB79D6B1} = {FBF56CC3-7AE6-AD2D-3F14-7F97FD322CD6}
		{C4D722D5-07C9-4E94-8077-74F77268B8DD} = {FBF56CC3-7AE6-AD2D-3F14-7F97FD322CD6}
	EndGlobalSection
EndGlobal
