
Microsoft Visual Studio Solution File, Format Version 12.00
# Visual Studio Version 17
VisualStudioVersion = 17.0.31903.59
MinimumVisualStudioVersion = 10.0.40219.1
Project("{2150E333-8FDC-42A3-9474-1A3956D46DE8}") = "Core", "Core", "{D1B2C3D4-0001-4000-8000-000000000001}"
EndProject
Project("{FAE04EC0-301F-11D3-BF4B-00C04F79EFBC}") = "MngDocument.Domain", "Core\MngDocument.Domain\MngDocument.Domain.csproj", "{D1B2C3D4-0002-4000-8000-000000000002}"
EndProject
Project("{FAE04EC0-301F-11D3-BF4B-00C04F79EFBC}") = "MngDocument.Application", "Core\MngDocument.Application\MngDocument.Application.csproj", "{D1B2C3D4-0003-4000-8000-000000000003}"
EndProject
Project("{2150E333-8FDC-42A3-9474-1A3956D46DE8}") = "Infrastructure", "Infrastructure", "{D1B2C3D4-0004-4000-8000-000000000004}"
EndProject
Project("{FAE04EC0-301F-11D3-BF4B-00C04F79EFBC}") = "MngDocument.Infrastructure", "Infrastructure\MngDocument.Infrastructure\MngDocument.Infrastructure.csproj", "{D1B2C3D4-0005-4000-8000-000000000005}"
EndProject
Project("{2150E333-8FDC-42A3-9474-1A3956D46DE8}") = "Presentation", "Presentation", "{D1B2C3D4-0006-4000-8000-000000000006}"
EndProject
Project("{FAE04EC0-301F-11D3-BF4B-00C04F79EFBC}") = "MngDocument.Api", "Presentation\MngDocument.Api\MngDocument.Api.csproj", "{D1B2C3D4-0007-4000-8000-000000000007}"
EndProject
Project("{2150E333-8FDC-42A3-9474-1A3956D46DE8}") = "Tests", "Tests", "{0AB3BF05-4346-4AA6-1389-037BE0695223}"
EndProject
Project("{FAE04EC0-301F-11D3-BF4B-00C04F79EFBC}") = "MngDocument.Tests", "Tests\MngDocument.Tests\MngDocument.Tests.csproj", "{A5FCF667-4320-4B81-A9CE-5448BF619CFD}"
EndProject
Global
	GlobalSection(SolutionConfigurationPlatforms) = preSolution
		Debug|Any CPU = Debug|Any CPU
		Debug|x64 = Debug|x64
		Debug|x86 = Debug|x86
		Release|Any CPU = Release|Any CPU
		Release|x64 = Release|x64
		Release|x86 = Release|x86
	EndGlobalSection
	GlobalSection(ProjectConfigurationPlatforms) = postSolution
		{D1B2C3D4-0002-4000-8000-000000000002}.Debug|Any CPU.ActiveCfg = Debug|Any CPU
		{D1B2C3D4-0002-4000-8000-000000000002}.Debug|Any CPU.Build.0 = Debug|Any CPU
		{D1B2C3D4-0002-4000-8000-000000000002}.Debug|x64.ActiveCfg = Debug|Any CPU
		{D1B2C3D4-0002-4000-8000-000000000002}.Debug|x64.Build.0 = Debug|Any CPU
		{D1B2C3D4-0002-4000-8000-000000000002}.Debug|x86.ActiveCfg = Debug|Any CPU
		{D1B2C3D4-0002-4000-8000-000000000002}.Debug|x86.Build.0 = Debug|Any CPU
		{D1B2C3D4-0002-4000-8000-000000000002}.Release|Any CPU.ActiveCfg = Release|Any CPU
		{D1B2C3D4-0002-4000-8000-000000000002}.Release|Any CPU.Build.0 = Release|Any CPU
		{D1B2C3D4-0002-4000-8000-000000000002}.Release|x64.ActiveCfg = Release|Any CPU
		{D1B2C3D4-0002-4000-8000-000000000002}.Release|x64.Build.0 = Release|Any CPU
		{D1B2C3D4-0002-4000-8000-000000000002}.Release|x86.ActiveCfg = Release|Any CPU
		{D1B2C3D4-0002-4000-8000-000000000002}.Release|x86.Build.0 = Release|Any CPU
		{D1B2C3D4-0003-4000-8000-000000000003}.Debug|Any CPU.ActiveCfg = Debug|Any CPU
		{D1B2C3D4-0003-4000-8000-000000000003}.Debug|Any CPU.Build.0 = Debug|Any CPU
		{D1B2C3D4-0003-4000-8000-000000000003}.Debug|x64.ActiveCfg = Debug|Any CPU
		{D1B2C3D4-0003-4000-8000-000000000003}.Debug|x64.Build.0 = Debug|Any CPU
		{D1B2C3D4-0003-4000-8000-000000000003}.Debug|x86.ActiveCfg = Debug|Any CPU
		{D1B2C3D4-0003-4000-8000-000000000003}.Debug|x86.Build.0 = Debug|Any CPU
		{D1B2C3D4-0003-4000-8000-000000000003}.Release|Any CPU.ActiveCfg = Release|Any CPU
		{D1B2C3D4-0003-4000-8000-000000000003}.Release|Any CPU.Build.0 = Release|Any CPU
		{D1B2C3D4-0003-4000-8000-000000000003}.Release|x64.ActiveCfg = Release|Any CPU
		{D1B2C3D4-0003-4000-8000-000000000003}.Release|x64.Build.0 = Release|Any CPU
		{D1B2C3D4-0003-4000-8000-000000000003}.Release|x86.ActiveCfg = Release|Any CPU
		{D1B2C3D4-0003-4000-8000-000000000003}.Release|x86.Build.0 = Release|Any CPU
		{D1B2C3D4-0005-4000-8000-000000000005}.Debug|Any CPU.ActiveCfg = Debug|Any CPU
		{D1B2C3D4-0005-4000-8000-000000000005}.Debug|Any CPU.Build.0 = Debug|Any CPU
		{D1B2C3D4-0005-4000-8000-000000000005}.Debug|x64.ActiveCfg = Debug|Any CPU
		{D1B2C3D4-0005-4000-8000-000000000005}.Debug|x64.Build.0 = Debug|Any CPU
		{D1B2C3D4-0005-4000-8000-000000000005}.Debug|x86.ActiveCfg = Debug|Any CPU
		{D1B2C3D4-0005-4000-8000-000000000005}.Debug|x86.Build.0 = Debug|Any CPU
		{D1B2C3D4-0005-4000-8000-000000000005}.Release|Any CPU.ActiveCfg = Release|Any CPU
		{D1B2C3D4-0005-4000-8000-000000000005}.Release|Any CPU.Build.0 = Release|Any CPU
		{D1B2C3D4-0005-4000-8000-000000000005}.Release|x64.ActiveCfg = Release|Any CPU
		{D1B2C3D4-0005-4000-8000-000000000005}.Release|x64.Build.0 = Release|Any CPU
		{D1B2C3D4-0005-4000-8000-000000000005}.Release|x86.ActiveCfg = Release|Any CPU
		{D1B2C3D4-0005-4000-8000-000000000005}.Release|x86.Build.0 = Release|Any CPU
		{D1B2C3D4-0007-4000-8000-000000000007}.Debug|Any CPU.ActiveCfg = Debug|Any CPU
		{D1B2C3D4-0007-4000-8000-000000000007}.Debug|Any CPU.Build.0 = Debug|Any CPU
		{D1B2C3D4-0007-4000-8000-000000000007}.Debug|x64.ActiveCfg = Debug|Any CPU
		{D1B2C3D4-0007-4000-8000-000000000007}.Debug|x64.Build.0 = Debug|Any CPU
		{D1B2C3D4-0007-4000-8000-000000000007}.Debug|x86.ActiveCfg = Debug|Any CPU
		{D1B2C3D4-0007-4000-8000-000000000007}.Debug|x86.Build.0 = Debug|Any CPU
		{D1B2C3D4-0007-4000-8000-000000000007}.Release|Any CPU.ActiveCfg = Release|Any CPU
		{D1B2C3D4-0007-4000-8000-000000000007}.Release|Any CPU.Build.0 = Release|Any CPU
		{D1B2C3D4-0007-4000-8000-000000000007}.Release|x64.ActiveCfg = Release|Any CPU
		{D1B2C3D4-0007-4000-8000-000000000007}.Release|x64.Build.0 = Release|Any CPU
		{D1B2C3D4-0007-4000-8000-000000000007}.Release|x86.ActiveCfg = Release|Any CPU
		{D1B2C3D4-0007-4000-8000-000000000007}.Release|x86.Build.0 = Release|Any CPU
		{A5FCF667-4320-4B81-A9CE-5448BF619CFD}.Debug|Any CPU.ActiveCfg = Debug|Any CPU
		{A5FCF667-4320-4B81-A9CE-5448BF619CFD}.Debug|Any CPU.Build.0 = Debug|Any CPU
		{A5FCF667-4320-4B81-A9CE-5448BF619CFD}.Debug|x64.ActiveCfg = Debug|Any CPU
		{A5FCF667-4320-4B81-A9CE-5448BF619CFD}.Debug|x64.Build.0 = Debug|Any CPU
		{A5FCF667-4320-4B81-A9CE-5448BF619CFD}.Debug|x86.ActiveCfg = Debug|Any CPU
		{A5FCF667-4320-4B81-A9CE-5448BF619CFD}.Debug|x86.Build.0 = Debug|Any CPU
		{A5FCF667-4320-4B81-A9CE-5448BF619CFD}.Release|Any CPU.ActiveCfg = Release|Any CPU
		{A5FCF667-4320-4B81-A9CE-5448BF619CFD}.Release|Any CPU.Build.0 = Release|Any CPU
		{A5FCF667-4320-4B81-A9CE-5448BF619CFD}.Release|x64.ActiveCfg = Release|Any CPU
		{A5FCF667-4320-4B81-A9CE-5448BF619CFD}.Release|x64.Build.0 = Release|Any CPU
		{A5FCF667-4320-4B81-A9CE-5448BF619CFD}.Release|x86.ActiveCfg = Release|Any CPU
		{A5FCF667-4320-4B81-A9CE-5448BF619CFD}.Release|x86.Build.0 = Release|Any CPU
	EndGlobalSection
	GlobalSection(SolutionProperties) = preSolution
		HideSolutionNode = FALSE
	EndGlobalSection
	GlobalSection(NestedProjects) = preSolution
		{D1B2C3D4-0002-4000-8000-000000000002} = {D1B2C3D4-0001-4000-8000-000000000001}
		{D1B2C3D4-0003-4000-8000-000000000003} = {D1B2C3D4-0001-4000-8000-000000000001}
		{D1B2C3D4-0005-4000-8000-000000000005} = {D1B2C3D4-0004-4000-8000-000000000004}
		{D1B2C3D4-0007-4000-8000-000000000007} = {D1B2C3D4-0006-4000-8000-000000000006}
		{A5FCF667-4320-4B81-A9CE-5448BF619CFD} = {0AB3BF05-4346-4AA6-1389-037BE0695223}
	EndGlobalSection
EndGlobal
