
Microsoft Visual Studio Solution File, Format Version 12.00
# Visual Studio Version 17
VisualStudioVersion = 17.0.31903.59
MinimumVisualStudioVersion = 10.0.40219.1
Project("{2150E333-8FDC-42A3-9474-1A3956D46DE8}") = "Presentation", "Presentation", "{06CFFD70-14AA-A959-A3BA-1B15D094E3B1}"
EndProject
Project("{FAE04EC0-301F-11D3-BF4B-00C04F79EFBC}") = "MngLogs.Agent", "Presentation\MngLogs.Agent\MngLogs.Agent.csproj", "{F5CB4FE9-B9D3-42E5-AD9B-2CE6F5B067E5}"
EndProject
Project("{FAE04EC0-301F-11D3-BF4B-00C04F79EFBC}") = "MngLogs.Tests", "Tests\MngLogs.Tests\MngLogs.Tests.csproj", "{4F65D72B-2F07-40BB-80F1-B617A973A54F}"
EndProject
Global
	GlobalSection(SolutionConfigurationPlatforms) = preSolution
		Debug|Any CPU = Debug|Any CPU
		Debug|x64 = Debug|x64
		Debug|x86 = Debug|x86
		Release|Any CPU = Release|Any CPU
		Release|x64 = Release|x64
		Release|x86 = Release|x86
	EndGlobalSection
	GlobalSection(ProjectConfigurationPlatforms) = postSolution
		{F5CB4FE9-B9D3-42E5-AD9B-2CE6F5B067E5}.Debug|Any CPU.ActiveCfg = Debug|Any CPU
		{F5CB4FE9-B9D3-42E5-AD9B-2CE6F5B067E5}.Debug|Any CPU.Build.0 = Debug|Any CPU
		{F5CB4FE9-B9D3-42E5-AD9B-2CE6F5B067E5}.Debug|x64.ActiveCfg = Debug|Any CPU
		{F5CB4FE9-B9D3-42E5-AD9B-2CE6F5B067E5}.Debug|x64.Build.0 = Debug|Any CPU
		{F5CB4FE9-B9D3-42E5-AD9B-2CE6F5B067E5}.Debug|x86.ActiveCfg = Debug|Any CPU
		{F5CB4FE9-B9D3-42E5-AD9B-2CE6F5B067E5}.Debug|x86.Build.0 = Debug|Any CPU
		{F5CB4FE9-B9D3-42E5-AD9B-2CE6F5B067E5}.Release|Any CPU.ActiveCfg = Release|Any CPU
		{F5CB4FE9-B9D3-42E5-AD9B-2CE6F5B067E5}.Release|Any CPU.Build.0 = Release|Any CPU
		{F5CB4FE9-B9D3-42E5-AD9B-2CE6F5B067E5}.Release|x64.ActiveCfg = Release|Any CPU
		{F5CB4FE9-B9D3-42E5-AD9B-2CE6F5B067E5}.Release|x64.Build.0 = Release|Any CPU
		{F5CB4FE9-B9D3-42E5-AD9B-2CE6F5B067E5}.Release|x86.ActiveCfg = Release|Any CPU
		{F5CB4FE9-B9D3-42E5-AD9B-2CE6F5B067E5}.Release|x86.Build.0 = Release|Any CPU
		{4F65D72B-2F07-40BB-80F1-B617A973A54F}.Debug|Any CPU.ActiveCfg = Debug|Any CPU
		{4F65D72B-2F07-40BB-80F1-B617A973A54F}.Debug|Any CPU.Build.0 = Debug|Any CPU
		{4F65D72B-2F07-40BB-80F1-B617A973A54F}.Debug|x64.ActiveCfg = Debug|Any CPU
		{4F65D72B-2F07-40BB-80F1-B617A973A54F}.Debug|x64.Build.0 = Debug|Any CPU
		{4F65D72B-2F07-40BB-80F1-B617A973A54F}.Debug|x86.ActiveCfg = Debug|Any CPU
		{4F65D72B-2F07-40BB-80F1-B617A973A54F}.Debug|x86.Build.0 = Debug|Any CPU
		{4F65D72B-2F07-40BB-80F1-B617A973A54F}.Release|Any CPU.ActiveCfg = Release|Any CPU
		{4F65D72B-2F07-40BB-80F1-B617A973A54F}.Release|Any CPU.Build.0 = Release|Any CPU
		{4F65D72B-2F07-40BB-80F1-B617A973A54F}.Release|x64.ActiveCfg = Release|Any CPU
		{4F65D72B-2F07-40BB-80F1-B617A973A54F}.Release|x64.Build.0 = Release|Any CPU
		{4F65D72B-2F07-40BB-80F1-B617A973A54F}.Release|x86.ActiveCfg = Release|Any CPU
		{4F65D72B-2F07-40BB-80F1-B617A973A54F}.Release|x86.Build.0 = Release|Any CPU
	EndGlobalSection
	GlobalSection(SolutionProperties) = preSolution
		HideSolutionNode = FALSE
	EndGlobalSection
	GlobalSection(NestedProjects) = preSolution
		{F5CB4FE9-B9D3-42E5-AD9B-2CE6F5B067E5} = {06CFFD70-14AA-A959-A3BA-1B15D094E3B1}
		{4F65D72B-2F07-40BB-80F1-B617A973A54F} = {06CFFD70-14AA-A959-A3BA-1B15D094E3B1}
	EndGlobalSection
EndGlobal
