{
    "name": "node-red-project",
    "version": "0.0.1",
    "lockfileVersion": 3,
    "requires": true,
    "packages": {
        "": {
            "name": "node-red-project",
            "version": "0.0.1",
            "dependencies": {
                "node-red-contrib-config": "~1.2.1"
            }
        },
        "node_modules/node-red-contrib-config": {
            "version": "1.2.1",
            "resolved": "https://registry.npmjs.org/node-red-contrib-config/-/node-red-contrib-config-1.2.1.tgz",
            "integrity": "sha512-j3etTlHLo0gQgi6H0+qZVYuA/3NWmK9Ci5mLEMy7wfUPEe2GFGuZ3CJJGHjysMUmAlOE+suLcFKbyLIs/8mLIA==",
            "license": "MIT"
        }
    }
}
